
Microsoft Visual Studio Solution File, Format Version 12.00
# Visual Studio Version 16
VisualStudioVersion = 16.0.31911.196
MinimumVisualStudioVersion = 10.0.40219.1
Project("{8BC9CEB8-8B4A-11D0-8D11-00A0C91BC942}") = "QtWidgetsApplication1", "QtWidgetsApplication1.vcxproj", "{98762AFF-78FE-443D-94C7-FC3DEEA262B7}"
EndProject
Global
	GlobalSection(SolutionConfigurationPlatforms) = preSolution
		Debug|x64 = Debug|x64
		Release|x64 = Release|x64
	EndGlobalSection
	GlobalSection(ProjectConfigurationPlatforms) = postSolution
		{98762AFF-78FE-443D-94C7-FC3DEEA262B7}.Debug|x64.ActiveCfg = Debug|x64
		{98762AFF-78FE-443D-94C7-FC3DEEA262B7}.Debug|x64.Build.0 = Debug|x64
		{98762AFF-78FE-443D-94C7-FC3DEEA262B7}.Release|x64.ActiveCfg = Release|x64
		{98762AFF-78FE-443D-94C7-FC3DEEA262B7}.Release|x64.Build.0 = Release|x64
	EndGlobalSection
	GlobalSection(SolutionProperties) = preSolution
		HideSolutionNode = FALSE
	EndGlobalSection
	GlobalSection(ExtensibilityGlobals) = postSolution
		SolutionGuid = {BF9579D2-EC22-4FC8-81E2-FEB6A1DDA757}
	EndGlobalSection
EndGlobal
